
Microsoft Visual Studio Solution File, Format Version 12.00
# Visual Studio 14
VisualStudioVersion = 14.0.23107.0
MinimumVisualStudioVersion = 10.0.40219.1
Project("{FAE04EC0-301F-11D3-BF4B-00C04F79EFBC}") = "WebAPI.HMAC.Admin", "WebAPI.HMAC.Admin\WebAPI.HMAC.Admin.csproj", "{141A2234-E593-44E1-9704-2D86047482D1}"
EndProject
Project("{FAE04EC0-301F-11D3-BF4B-00C04F79EFBC}") = "WebAPI.HMAC.Crypto", "WebAPI.HMAC.Crypto\WebAPI.HMAC.Crypto.csproj", "{DC322D25-83A7-44EB-944C-9F05CD50BAA3}"
EndProject
Project("{FAE04EC0-301F-11D3-BF4B-00C04F79EFBC}") = "WebAPI.HMAC.Client", "WebAPI.HMAC.Client\WebAPI.HMAC.Client.csproj", "{212A335E-130C-4590-89D9-FEFD64E11F51}"
EndProject
Project("{FAE04EC0-301F-11D3-BF4B-00C04F79EFBC}") = "WebAPI.HMAC.API", "WebAPI.HMAC.API\WebAPI.HMAC.API.csproj", "{3ECCC9B1-75A4-4AF3-ACCB-378D387AA395}"
EndProject
Global
	GlobalSection(SolutionConfigurationPlatforms) = preSolution
		Debug|Any CPU = Debug|Any CPU
		Release|Any CPU = Release|Any CPU
	EndGlobalSection
	GlobalSection(ProjectConfigurationPlatforms) = postSolution
		{141A2234-E593-44E1-9704-2D86047482D1}.Debug|Any CPU.ActiveCfg = Debug|Any CPU
		{141A2234-E593-44E1-9704-2D86047482D1}.Debug|Any CPU.Build.0 = Debug|Any CPU
		{141A2234-E593-44E1-9704-2D86047482D1}.Release|Any CPU.ActiveCfg = Release|Any CPU
		{141A2234-E593-44E1-9704-2D86047482D1}.Release|Any CPU.Build.0 = Release|Any CPU
		{DC322D25-83A7-44EB-944C-9F05CD50BAA3}.Debug|Any CPU.ActiveCfg = Debug|Any CPU
		{DC322D25-83A7-44EB-944C-9F05CD50BAA3}.Debug|Any CPU.Build.0 = Debug|Any CPU
		{DC322D25-83A7-44EB-944C-9F05CD50BAA3}.Release|Any CPU.ActiveCfg = Release|Any CPU
		{DC322D25-83A7-44EB-944C-9F05CD50BAA3}.Release|Any CPU.Build.0 = Release|Any CPU
		{212A335E-130C-4590-89D9-FEFD64E11F51}.Debug|Any CPU.ActiveCfg = Debug|Any CPU
		{212A335E-130C-4590-89D9-FEFD64E11F51}.Debug|Any CPU.Build.0 = Debug|Any CPU
		{212A335E-130C-4590-89D9-FEFD64E11F51}.Release|Any CPU.ActiveCfg = Release|Any CPU
		{212A335E-130C-4590-89D9-FEFD64E11F51}.Release|Any CPU.Build.0 = Release|Any CPU
		{3ECCC9B1-75A4-4AF3-ACCB-378D387AA395}.Debug|Any CPU.ActiveCfg = Debug|Any CPU
		{3ECCC9B1-75A4-4AF3-ACCB-378D387AA395}.Debug|Any CPU.Build.0 = Debug|Any CPU
		{3ECCC9B1-75A4-4AF3-ACCB-378D387AA395}.Release|Any CPU.ActiveCfg = Release|Any CPU
		{3ECCC9B1-75A4-4AF3-ACCB-378D387AA395}.Release|Any CPU.Build.0 = Release|Any CPU
	EndGlobalSection
	GlobalSection(SolutionProperties) = preSolution
		HideSolutionNode = FALSE
	EndGlobalSection
EndGlobal
